{
    "_readme": [
        "This file locks the dependencies of your project to a known state",
        "Read more about it at https://getcomposer.org/doc/01-basic-usage.md#installing-dependencies",
        "This file is @generated automatically"
    ],
    "content-hash": "23e8bd823d211a0cf13fe211474fe6e3",
    "packages": [
        {
            "name": "vektor-inc/tgm-plugin-activation",
            "version": "2.6.2",
            "source": {
                "type": "git",
                "url": "https://github.com/vektor-inc/TGM-Plugin-Activation.git",
                "reference": "ae20a712c7bbd67f1bef0af9a3f5f07359a94d48"
            },
            "dist": {
                "type": "zip",
                "url": "https://api.github.com/repos/vektor-inc/TGM-Plugin-Activation/zipball/ae20a712c7bbd67f1bef0af9a3f5f07359a94d48",
                "reference": "ae20a712c7bbd67f1bef0af9a3f5f07359a94d48",
                "shasum": ""
            },
            "require": {
                "php": ">=7.2"
            },
            "require-dev": {
                "dealerdirect/phpcodesniffer-composer-installer": "^0.6",
                "phpcompatibility/phpcompatibility-wp": "^2.0",
                "wp-coding-standards/wpcs": "^2.0"
            },
            "type": "library",
            "autoload": {
                "files": [
                    "class-tgm-plugin-activation.php"
                ]
            },
            "notification-url": "https://packagist.org/downloads/",
            "license": [
                "GPL-2.0-or-later"
            ],
            "authors": [
                {
                    "name": "Thomas Griffin",
                    "homepage": "http://thomasgriffinmedia.com",
                    "role": "Developer"
                },
                {
                    "name": "Gary Jones",
                    "homepage": "https://github.com/GaryJones",
                    "role": "Developer"
                },
                {
                    "name": "Juliette Reinders Folmer",
                    "homepage": "https://github.com/jrfnl",
                    "role": "Developer"
                }
            ],
            "description": "TGM Plugin Activation is a PHP library that allows you to easily require or recommend plugins for your WordPress themes (and plugins).",
            "homepage": "http://tgmpluginactivation.com",
            "keywords": [
                "activation",
                "library",
                "plugins",
                "theme",
                "wordpress"
            ],
            "support": {
                "issues": "https://github.com/vektor-inc/TGM-Plugin-Activation/issues",
                "source": "https://github.com/vektor-inc/TGM-Plugin-Activation"
            },
            "time": "2024-01-31T09:52:52+00:00"
        }
    ],
    "packages-dev": [],
    "aliases": [],
    "minimum-stability": "stable",
    "stability-flags": [],
    "prefer-stable": false,
    "prefer-lowest": false,
    "platform": [],
    "platform-dev": [],
    "plugin-api-version": "2.3.0"
}
